
Microsoft Visual Studio Solution File, Format Version 12.00
# Visual Studio Version 17
VisualStudioVersion = 17.2.32616.157
MinimumVisualStudioVersion = 10.0.40219.1
Project("{FAE04EC0-301F-11D3-BF4B-00C04F79EFBC}") = "TetrisCSharp", "TetrisCSharp\TetrisCSharp.csproj", "{FA667BB1-0A1F-4E21-9C93-CA47E43D9060}"
EndProject
Global
	GlobalSection(SolutionConfigurationPlatforms) = preSolution
		Debug|Any CPU = Debug|Any CPU
		Release|Any CPU = Release|Any CPU
	EndGlobalSection
	GlobalSection(ProjectConfigurationPlatforms) = postSolution
		{FA667BB1-0A1F-4E21-9C93-CA47E43D9060}.Debug|Any CPU.ActiveCfg = Debug|Any CPU
		{FA667BB1-0A1F-4E21-9C93-CA47E43D9060}.Debug|Any CPU.Build.0 = Debug|Any CPU
		{FA667BB1-0A1F-4E21-9C93-CA47E43D9060}.Release|Any CPU.ActiveCfg = Release|Any CPU
		{FA667BB1-0A1F-4E21-9C93-CA47E43D9060}.Release|Any CPU.Build.0 = Release|Any CPU
	EndGlobalSection
	GlobalSection(SolutionProperties) = preSolution
		HideSolutionNode = FALSE
	EndGlobalSection
	GlobalSection(ExtensibilityGlobals) = postSolution
		SolutionGuid = {1DAC68E6-FFB1-4AD8-BB2B-C4753BE05723}
	EndGlobalSection
EndGlobal
